
Microsoft Visual Studio Solution File, Format Version 12.00
# Visual Studio Version 16
VisualStudioVersion = 16.0.30204.135
MinimumVisualStudioVersion = 10.0.40219.1
Project("{FAE04EC0-301F-11D3-BF4B-00C04F79EFBC}") = "chack number", "chack number\chack number.csproj", "{00854EAC-8C2D-459D-A186-1FA449B84A04}"
EndProject
Global
	GlobalSection(SolutionConfigurationPlatforms) = preSolution
		Debug|Any CPU = Debug|Any CPU
		Release|Any CPU = Release|Any CPU
	EndGlobalSection
	GlobalSection(ProjectConfigurationPlatforms) = postSolution
		{00854EAC-8C2D-459D-A186-1FA449B84A04}.Debug|Any CPU.ActiveCfg = Debug|Any CPU
		{00854EAC-8C2D-459D-A186-1FA449B84A04}.Debug|Any CPU.Build.0 = Debug|Any CPU
		{00854EAC-8C2D-459D-A186-1FA449B84A04}.Release|Any CPU.ActiveCfg = Release|Any CPU
		{00854EAC-8C2D-459D-A186-1FA449B84A04}.Release|Any CPU.Build.0 = Release|Any CPU
	EndGlobalSection
	GlobalSection(SolutionProperties) = preSolution
		HideSolutionNode = FALSE
	EndGlobalSection
	GlobalSection(ExtensibilityGlobals) = postSolution
		SolutionGuid = {74D2579A-C1CE-4E99-9421-0172EA8E7BD3}
	EndGlobalSection
EndGlobal
