
Microsoft Visual Studio Solution File, Format Version 12.00
# Visual Studio Version 16
VisualStudioVersion = 16.0.30204.135
MinimumVisualStudioVersion = 10.0.40219.1
Project("{FAE04EC0-301F-11D3-BF4B-00C04F79EFBC}") = "My first Algorithm", "My first Algorithm\My first Algorithm.csproj", "{DA40E201-1CE0-424A-AB43-F8C8871BDD5A}"
EndProject
Global
	GlobalSection(SolutionConfigurationPlatforms) = preSolution
		Debug|Any CPU = Debug|Any CPU
		Release|Any CPU = Release|Any CPU
	EndGlobalSection
	GlobalSection(ProjectConfigurationPlatforms) = postSolution
		{DA40E201-1CE0-424A-AB43-F8C8871BDD5A}.Debug|Any CPU.ActiveCfg = Debug|Any CPU
		{DA40E201-1CE0-424A-AB43-F8C8871BDD5A}.Debug|Any CPU.Build.0 = Debug|Any CPU
		{DA40E201-1CE0-424A-AB43-F8C8871BDD5A}.Release|Any CPU.ActiveCfg = Release|Any CPU
		{DA40E201-1CE0-424A-AB43-F8C8871BDD5A}.Release|Any CPU.Build.0 = Release|Any CPU
	EndGlobalSection
	GlobalSection(SolutionProperties) = preSolution
		HideSolutionNode = FALSE
	EndGlobalSection
	GlobalSection(ExtensibilityGlobals) = postSolution
		SolutionGuid = {FB6280C4-2767-4DE9-9756-ABB95C851A74}
	EndGlobalSection
EndGlobal
